# THIS IS AN AUTOGENERATED FILE. DO NOT EDIT THIS FILE DIRECTLY.
# yarn lockfile v1


flag-icons@^7.0.2:
  version "7.0.2"
  resolved "https://registry.yarnpkg.com/flag-icons/-/flag-icons-7.0.2.tgz#ad2a0adeadae60123af1f59f5876418279d7ed2d"
  integrity sha512-d54NSa0t4GcKflhZWzxjpxj315DScbtdzqVdZKJl+R0zjtHNiLLuUl9Lis+UJRRL/YJbJ80JXP9FYQ4u/eGXAg==
